
Microsoft Visual Studio Solution File, Format Version 12.00
# Visual Studio 2015
Project("{FAE04EC0-301F-11D3-BF4B-00C04F79EFBC}") = "Twitchplays_unityClient.CSharp", "Twitchplays_unityClient.CSharp.csproj", "{BBB6D67B-2B79-5FFD-418D-CABA52ED5441}"
EndProject
Global
	GlobalSection(SolutionConfigurationPlatforms) = preSolution
		Debug|Any CPU = Debug|Any CPU
		Release|Any CPU = Release|Any CPU
	EndGlobalSection
	GlobalSection(ProjectConfigurationPlatforms) = postSolution
		{BBB6D67B-2B79-5FFD-418D-CABA52ED5441}.Debug|Any CPU.ActiveCfg = Debug|Any CPU
		{BBB6D67B-2B79-5FFD-418D-CABA52ED5441}.Debug|Any CPU.Build.0 = Debug|Any CPU
		{BBB6D67B-2B79-5FFD-418D-CABA52ED5441}.Release|Any CPU.ActiveCfg = Release|Any CPU
		{BBB6D67B-2B79-5FFD-418D-CABA52ED5441}.Release|Any CPU.Build.0 = Release|Any CPU
	EndGlobalSection
	GlobalSection(SolutionProperties) = preSolution
		HideSolutionNode = FALSE
	EndGlobalSection
EndGlobal
